
Microsoft Visual Studio Solution File, Format Version 12.00
# Visual Studio Version 17
VisualStudioVersion = 17.9.34728.123
MinimumVisualStudioVersion = 10.0.40219.1
Project("{FAE04EC0-301F-11D3-BF4B-00C04F79EFBC}") = "DiamondShopSys.Data", "DiamondShopSys.Data\DiamondShopSys.Data.csproj", "{1598830C-75E5-4D70-98C3-D5F771F283C2}"
EndProject
Project("{FAE04EC0-301F-11D3-BF4B-00C04F79EFBC}") = "Diamond.Business", "Diamond.Business\Diamond.Business.csproj", "{D173CF4E-B563-4D1A-9202-07092BD0E53E}"
EndProject
Project("{FAE04EC0-301F-11D3-BF4B-00C04F79EFBC}") = "Diamond.WpfApp", "Diamond.WpfApp\Diamond.WpfApp.csproj", "{0E846D68-F0A8-40ED-9BD9-63D06AD702D6}"
EndProject
Global
	GlobalSection(SolutionConfigurationPlatforms) = preSolution
		Debug|Any CPU = Debug|Any CPU
		Release|Any CPU = Release|Any CPU
	EndGlobalSection
	GlobalSection(ProjectConfigurationPlatforms) = postSolution
		{1598830C-75E5-4D70-98C3-D5F771F283C2}.Debug|Any CPU.ActiveCfg = Debug|Any CPU
		{1598830C-75E5-4D70-98C3-D5F771F283C2}.Debug|Any CPU.Build.0 = Debug|Any CPU
		{1598830C-75E5-4D70-98C3-D5F771F283C2}.Release|Any CPU.ActiveCfg = Release|Any CPU
		{1598830C-75E5-4D70-98C3-D5F771F283C2}.Release|Any CPU.Build.0 = Release|Any CPU
		{D173CF4E-B563-4D1A-9202-07092BD0E53E}.Debug|Any CPU.ActiveCfg = Debug|Any CPU
		{D173CF4E-B563-4D1A-9202-07092BD0E53E}.Debug|Any CPU.Build.0 = Debug|Any CPU
		{D173CF4E-B563-4D1A-9202-07092BD0E53E}.Release|Any CPU.ActiveCfg = Release|Any CPU
		{D173CF4E-B563-4D1A-9202-07092BD0E53E}.Release|Any CPU.Build.0 = Release|Any CPU
		{0E846D68-F0A8-40ED-9BD9-63D06AD702D6}.Debug|Any CPU.ActiveCfg = Debug|Any CPU
		{0E846D68-F0A8-40ED-9BD9-63D06AD702D6}.Debug|Any CPU.Build.0 = Debug|Any CPU
		{0E846D68-F0A8-40ED-9BD9-63D06AD702D6}.Release|Any CPU.ActiveCfg = Release|Any CPU
		{0E846D68-F0A8-40ED-9BD9-63D06AD702D6}.Release|Any CPU.Build.0 = Release|Any CPU
	EndGlobalSection
	GlobalSection(SolutionProperties) = preSolution
		HideSolutionNode = FALSE
	EndGlobalSection
	GlobalSection(ExtensibilityGlobals) = postSolution
		SolutionGuid = {AF4D6DE4-72D0-453F-A5BC-EFC0D00111AB}
	EndGlobalSection
EndGlobal
